
Microsoft Visual Studio Solution File, Format Version 12.00
# Visual Studio Version 17
VisualStudioVersion = 17.11.35312.102
MinimumVisualStudioVersion = 10.0.40219.1
Project("{FAE04EC0-301F-11D3-BF4B-00C04F79EFBC}") = "AssetTracker", "AssetTracker.csproj", "{53F3FB4B-EB60-46FF-AC87-C612870C66D8}"
EndProject
Global
	GlobalSection(SolutionConfigurationPlatforms) = preSolution
		Debug|Any CPU = Debug|Any CPU
		Release|Any CPU = Release|Any CPU
	EndGlobalSection
	GlobalSection(ProjectConfigurationPlatforms) = postSolution
		{53F3FB4B-EB60-46FF-AC87-C612870C66D8}.Debug|Any CPU.ActiveCfg = Debug|Any CPU
		{53F3FB4B-EB60-46FF-AC87-C612870C66D8}.Debug|Any CPU.Build.0 = Debug|Any CPU
		{53F3FB4B-EB60-46FF-AC87-C612870C66D8}.Release|Any CPU.ActiveCfg = Release|Any CPU
		{53F3FB4B-EB60-46FF-AC87-C612870C66D8}.Release|Any CPU.Build.0 = Release|Any CPU
	EndGlobalSection
	GlobalSection(SolutionProperties) = preSolution
		HideSolutionNode = FALSE
	EndGlobalSection
	GlobalSection(ExtensibilityGlobals) = postSolution
		SolutionGuid = {AFB4CB0F-34A7-414A-B389-7CFE66DBD753}
	EndGlobalSection
EndGlobal
